
Microsoft Visual Studio Solution File, Format Version 12.00
# Visual Studio Version 17
VisualStudioVersion = 17.0.31903.59
MinimumVisualStudioVersion = 10.0.40219.1
Project("{2150E333-8FDC-42A3-9474-1A3956D46DE8}") = "src", "src", "{827E0CD3-B72D-47B6-A68D-7590B98EB39B}"
EndProject
Project("{FAE04EC0-301F-11D3-BF4B-00C04F79EFBC}") = "Cryptex.Core", "src\Cryptex.Core\Cryptex.Core.csproj", "{B33F0CF9-C4A7-403D-9C18-1221E8F9E20F}"
EndProject
Project("{FAE04EC0-301F-11D3-BF4B-00C04F79EFBC}") = "Cryptex.Ingestion", "src\Cryptex.Ingestion\Cryptex.Ingestion.csproj", "{A77E739A-EEC7-437F-80E6-14C7912CACD5}"
EndProject
Project("{FAE04EC0-301F-11D3-BF4B-00C04F79EFBC}") = "Cryptex.Security", "src\Cryptex.Security\Cryptex.Security.csproj", "{096B6F3C-0A8B-41B3-8C09-2630670074ED}"
EndProject
Project("{FAE04EC0-301F-11D3-BF4B-00C04F79EFBC}") = "Cryptex.Embeddings", "src\Cryptex.Embeddings\Cryptex.Embeddings.csproj", "{F2F07D8D-F5EE-4AC7-BC52-3388FA9BF3C3}"
EndProject
Project("{FAE04EC0-301F-11D3-BF4B-00C04F79EFBC}") = "Cryptex.VectorStore", "src\Cryptex.VectorStore\Cryptex.VectorStore.csproj", "{E74A577A-6919-4EF7-B399-AAE0836F0E68}"
EndProject
Project("{FAE04EC0-301F-11D3-BF4B-00C04F79EFBC}") = "Cryptex.Api", "src\Cryptex.Api\Cryptex.Api.csproj", "{FD5B120F-F524-4095-B857-07652213CEA8}"
EndProject
Project("{FAE04EC0-301F-11D3-BF4B-00C04F79EFBC}") = "Cryptex.Tests", "src\Cryptex.Tests\Cryptex.Tests.csproj", "{72BE9B18-0800-401A-8575-AA20598E2DAA}"
EndProject
Global
	GlobalSection(SolutionConfigurationPlatforms) = preSolution
		Debug|Any CPU = Debug|Any CPU
		Debug|x64 = Debug|x64
		Debug|x86 = Debug|x86
		Release|Any CPU = Release|Any CPU
		Release|x64 = Release|x64
		Release|x86 = Release|x86
	EndGlobalSection
	GlobalSection(ProjectConfigurationPlatforms) = postSolution
		{B33F0CF9-C4A7-403D-9C18-1221E8F9E20F}.Debug|Any CPU.ActiveCfg = Debug|Any CPU
		{B33F0CF9-C4A7-403D-9C18-1221E8F9E20F}.Debug|Any CPU.Build.0 = Debug|Any CPU
		{B33F0CF9-C4A7-403D-9C18-1221E8F9E20F}.Debug|x64.ActiveCfg = Debug|Any CPU
		{B33F0CF9-C4A7-403D-9C18-1221E8F9E20F}.Debug|x64.Build.0 = Debug|Any CPU
		{B33F0CF9-C4A7-403D-9C18-1221E8F9E20F}.Debug|x86.ActiveCfg = Debug|Any CPU
		{B33F0CF9-C4A7-403D-9C18-1221E8F9E20F}.Debug|x86.Build.0 = Debug|Any CPU
		{B33F0CF9-C4A7-403D-9C18-1221E8F9E20F}.Release|Any CPU.ActiveCfg = Release|Any CPU
		{B33F0CF9-C4A7-403D-9C18-1221E8F9E20F}.Release|Any CPU.Build.0 = Release|Any CPU
		{B33F0CF9-C4A7-403D-9C18-1221E8F9E20F}.Release|x64.ActiveCfg = Release|Any CPU
		{B33F0CF9-C4A7-403D-9C18-1221E8F9E20F}.Release|x64.Build.0 = Release|Any CPU
		{B33F0CF9-C4A7-403D-9C18-1221E8F9E20F}.Release|x86.ActiveCfg = Release|Any CPU
		{B33F0CF9-C4A7-403D-9C18-1221E8F9E20F}.Release|x86.Build.0 = Release|Any CPU
		{A77E739A-EEC7-437F-80E6-14C7912CACD5}.Debug|Any CPU.ActiveCfg = Debug|Any CPU
		{A77E739A-EEC7-437F-80E6-14C7912CACD5}.Debug|Any CPU.Build.0 = Debug|Any CPU
		{A77E739A-EEC7-437F-80E6-14C7912CACD5}.Debug|x64.ActiveCfg = Debug|Any CPU
		{A77E739A-EEC7-437F-80E6-14C7912CACD5}.Debug|x64.Build.0 = Debug|Any CPU
		{A77E739A-EEC7-437F-80E6-14C7912CACD5}.Debug|x86.ActiveCfg = Debug|Any CPU
		{A77E739A-EEC7-437F-80E6-14C7912CACD5}.Debug|x86.Build.0 = Debug|Any CPU
		{A77E739A-EEC7-437F-80E6-14C7912CACD5}.Release|Any CPU.ActiveCfg = Release|Any CPU
		{A77E739A-EEC7-437F-80E6-14C7912CACD5}.Release|Any CPU.Build.0 = Release|Any CPU
		{A77E739A-EEC7-437F-80E6-14C7912CACD5}.Release|x64.ActiveCfg = Release|Any CPU
		{A77E739A-EEC7-437F-80E6-14C7912CACD5}.Release|x64.Build.0 = Release|Any CPU
		{A77E739A-EEC7-437F-80E6-14C7912CACD5}.Release|x86.ActiveCfg = Release|Any CPU
		{A77E739A-EEC7-437F-80E6-14C7912CACD5}.Release|x86.Build.0 = Release|Any CPU
		{096B6F3C-0A8B-41B3-8C09-2630670074ED}.Debug|Any CPU.ActiveCfg = Debug|Any CPU
		{096B6F3C-0A8B-41B3-8C09-2630670074ED}.Debug|Any CPU.Build.0 = Debug|Any CPU
		{096B6F3C-0A8B-41B3-8C09-2630670074ED}.Debug|x64.ActiveCfg = Debug|Any CPU
		{096B6F3C-0A8B-41B3-8C09-2630670074ED}.Debug|x64.Build.0 = Debug|Any CPU
		{096B6F3C-0A8B-41B3-8C09-2630670074ED}.Debug|x86.ActiveCfg = Debug|Any CPU
		{096B6F3C-0A8B-41B3-8C09-2630670074ED}.Debug|x86.Build.0 = Debug|Any CPU
		{096B6F3C-0A8B-41B3-8C09-2630670074ED}.Release|Any CPU.ActiveCfg = Release|Any CPU
		{096B6F3C-0A8B-41B3-8C09-2630670074ED}.Release|Any CPU.Build.0 = Release|Any CPU
		{096B6F3C-0A8B-41B3-8C09-2630670074ED}.Release|x64.ActiveCfg = Release|Any CPU
		{096B6F3C-0A8B-41B3-8C09-2630670074ED}.Release|x64.Build.0 = Release|Any CPU
		{096B6F3C-0A8B-41B3-8C09-2630670074ED}.Release|x86.ActiveCfg = Release|Any CPU
		{096B6F3C-0A8B-41B3-8C09-2630670074ED}.Release|x86.Build.0 = Release|Any CPU
		{F2F07D8D-F5EE-4AC7-BC52-3388FA9BF3C3}.Debug|Any CPU.ActiveCfg = Debug|Any CPU
		{F2F07D8D-F5EE-4AC7-BC52-3388FA9BF3C3}.Debug|Any CPU.Build.0 = Debug|Any CPU
		{F2F07D8D-F5EE-4AC7-BC52-3388FA9BF3C3}.Debug|x64.ActiveCfg = Debug|Any CPU
		{F2F07D8D-F5EE-4AC7-BC52-3388FA9BF3C3}.Debug|x64.Build.0 = Debug|Any CPU
		{F2F07D8D-F5EE-4AC7-BC52-3388FA9BF3C3}.Debug|x86.ActiveCfg = Debug|Any CPU
		{F2F07D8D-F5EE-4AC7-BC52-3388FA9BF3C3}.Debug|x86.Build.0 = Debug|Any CPU
		{F2F07D8D-F5EE-4AC7-BC52-3388FA9BF3C3}.Release|Any CPU.ActiveCfg = Release|Any CPU
		{F2F07D8D-F5EE-4AC7-BC52-3388FA9BF3C3}.Release|Any CPU.Build.0 = Release|Any CPU
		{F2F07D8D-F5EE-4AC7-BC52-3388FA9BF3C3}.Release|x64.ActiveCfg = Release|Any CPU
		{F2F07D8D-F5EE-4AC7-BC52-3388FA9BF3C3}.Release|x64.Build.0 = Release|Any CPU
		{F2F07D8D-F5EE-4AC7-BC52-3388FA9BF3C3}.Release|x86.ActiveCfg = Release|Any CPU
		{F2F07D8D-F5EE-4AC7-BC52-3388FA9BF3C3}.Release|x86.Build.0 = Release|Any CPU
		{E74A577A-6919-4EF7-B399-AAE0836F0E68}.Debug|Any CPU.ActiveCfg = Debug|Any CPU
		{E74A577A-6919-4EF7-B399-AAE0836F0E68}.Debug|Any CPU.Build.0 = Debug|Any CPU
		{E74A577A-6919-4EF7-B399-AAE0836F0E68}.Debug|x64.ActiveCfg = Debug|Any CPU
		{E74A577A-6919-4EF7-B399-AAE0836F0E68}.Debug|x64.Build.0 = Debug|Any CPU
		{E74A577A-6919-4EF7-B399-AAE0836F0E68}.Debug|x86.ActiveCfg = Debug|Any CPU
		{E74A577A-6919-4EF7-B399-AAE0836F0E68}.Debug|x86.Build.0 = Debug|Any CPU
		{E74A577A-6919-4EF7-B399-AAE0836F0E68}.Release|Any CPU.ActiveCfg = Release|Any CPU
		{E74A577A-6919-4EF7-B399-AAE0836F0E68}.Release|Any CPU.Build.0 = Release|Any CPU
		{E74A577A-6919-4EF7-B399-AAE0836F0E68}.Release|x64.ActiveCfg = Release|Any CPU
		{E74A577A-6919-4EF7-B399-AAE0836F0E68}.Release|x64.Build.0 = Release|Any CPU
		{E74A577A-6919-4EF7-B399-AAE0836F0E68}.Release|x86.ActiveCfg = Release|Any CPU
		{E74A577A-6919-4EF7-B399-AAE0836F0E68}.Release|x86.Build.0 = Release|Any CPU
		{FD5B120F-F524-4095-B857-07652213CEA8}.Debug|Any CPU.ActiveCfg = Debug|Any CPU
		{FD5B120F-F524-4095-B857-07652213CEA8}.Debug|Any CPU.Build.0 = Debug|Any CPU
		{FD5B120F-F524-4095-B857-07652213CEA8}.Debug|x64.ActiveCfg = Debug|Any CPU
		{FD5B120F-F524-4095-B857-07652213CEA8}.Debug|x64.Build.0 = Debug|Any CPU
		{FD5B120F-F524-4095-B857-07652213CEA8}.Debug|x86.ActiveCfg = Debug|Any CPU
		{FD5B120F-F524-4095-B857-07652213CEA8}.Debug|x86.Build.0 = Debug|Any CPU
		{FD5B120F-F524-4095-B857-07652213CEA8}.Release|Any CPU.ActiveCfg = Release|Any CPU
		{FD5B120F-F524-4095-B857-07652213CEA8}.Release|Any CPU.Build.0 = Release|Any CPU
		{FD5B120F-F524-4095-B857-07652213CEA8}.Release|x64.ActiveCfg = Release|Any CPU
		{FD5B120F-F524-4095-B857-07652213CEA8}.Release|x64.Build.0 = Release|Any CPU
		{FD5B120F-F524-4095-B857-07652213CEA8}.Release|x86.ActiveCfg = Release|Any CPU
		{FD5B120F-F524-4095-B857-07652213CEA8}.Release|x86.Build.0 = Release|Any CPU
		{72BE9B18-0800-401A-8575-AA20598E2DAA}.Debug|Any CPU.ActiveCfg = Debug|Any CPU
		{72BE9B18-0800-401A-8575-AA20598E2DAA}.Debug|Any CPU.Build.0 = Debug|Any CPU
		{72BE9B18-0800-401A-8575-AA20598E2DAA}.Debug|x64.ActiveCfg = Debug|Any CPU
		{72BE9B18-0800-401A-8575-AA20598E2DAA}.Debug|x64.Build.0 = Debug|Any CPU
		{72BE9B18-0800-401A-8575-AA20598E2DAA}.Debug|x86.ActiveCfg = Debug|Any CPU
		{72BE9B18-0800-401A-8575-AA20598E2DAA}.Debug|x86.Build.0 = Debug|Any CPU
		{72BE9B18-0800-401A-8575-AA20598E2DAA}.Release|Any CPU.ActiveCfg = Release|Any CPU
		{72BE9B18-0800-401A-8575-AA20598E2DAA}.Release|Any CPU.Build.0 = Release|Any CPU
		{72BE9B18-0800-401A-8575-AA20598E2DAA}.Release|x64.ActiveCfg = Release|Any CPU
		{72BE9B18-0800-401A-8575-AA20598E2DAA}.Release|x64.Build.0 = Release|Any CPU
		{72BE9B18-0800-401A-8575-AA20598E2DAA}.Release|x86.ActiveCfg = Release|Any CPU
		{72BE9B18-0800-401A-8575-AA20598E2DAA}.Release|x86.Build.0 = Release|Any CPU
	EndGlobalSection
	GlobalSection(SolutionProperties) = preSolution
		HideSolutionNode = FALSE
	EndGlobalSection
	GlobalSection(NestedProjects) = preSolution
		{B33F0CF9-C4A7-403D-9C18-1221E8F9E20F} = {827E0CD3-B72D-47B6-A68D-7590B98EB39B}
		{A77E739A-EEC7-437F-80E6-14C7912CACD5} = {827E0CD3-B72D-47B6-A68D-7590B98EB39B}
		{096B6F3C-0A8B-41B3-8C09-2630670074ED} = {827E0CD3-B72D-47B6-A68D-7590B98EB39B}
		{F2F07D8D-F5EE-4AC7-BC52-3388FA9BF3C3} = {827E0CD3-B72D-47B6-A68D-7590B98EB39B}
		{E74A577A-6919-4EF7-B399-AAE0836F0E68} = {827E0CD3-B72D-47B6-A68D-7590B98EB39B}
		{FD5B120F-F524-4095-B857-07652213CEA8} = {827E0CD3-B72D-47B6-A68D-7590B98EB39B}
		{72BE9B18-0800-401A-8575-AA20598E2DAA} = {827E0CD3-B72D-47B6-A68D-7590B98EB39B}
	EndGlobalSection
EndGlobal
